
Microsoft Visual Studio Solution File, Format Version 12.00
# Visual Studio Express 2012 for Windows Desktop
Project("{FAE04EC0-301F-11D3-BF4B-00C04F79EFBC}") = "Tcp", "WindowsFormsApplication1\Tcp.csproj", "{974624C8-5838-4ADF-AD9B-767A77E7EB2D}"
EndProject
Project("{FAE04EC0-301F-11D3-BF4B-00C04F79EFBC}") = "Client", "Client\Client.csproj", "{B11C423E-DA6B-45AD-822C-9E35952984BD}"
EndProject
Global
	GlobalSection(SolutionConfigurationPlatforms) = preSolution
		Debug|Any CPU = Debug|Any CPU
		Release|Any CPU = Release|Any CPU
	EndGlobalSection
	GlobalSection(ProjectConfigurationPlatforms) = postSolution
		{974624C8-5838-4ADF-AD9B-767A77E7EB2D}.Debug|Any CPU.ActiveCfg = Debug|Any CPU
		{974624C8-5838-4ADF-AD9B-767A77E7EB2D}.Debug|Any CPU.Build.0 = Debug|Any CPU
		{974624C8-5838-4ADF-AD9B-767A77E7EB2D}.Release|Any CPU.ActiveCfg = Release|Any CPU
		{974624C8-5838-4ADF-AD9B-767A77E7EB2D}.Release|Any CPU.Build.0 = Release|Any CPU
		{B11C423E-DA6B-45AD-822C-9E35952984BD}.Debug|Any CPU.ActiveCfg = Debug|Any CPU
		{B11C423E-DA6B-45AD-822C-9E35952984BD}.Debug|Any CPU.Build.0 = Debug|Any CPU
		{B11C423E-DA6B-45AD-822C-9E35952984BD}.Release|Any CPU.ActiveCfg = Release|Any CPU
		{B11C423E-DA6B-45AD-822C-9E35952984BD}.Release|Any CPU.Build.0 = Release|Any CPU
	EndGlobalSection
	GlobalSection(SolutionProperties) = preSolution
		HideSolutionNode = FALSE
	EndGlobalSection
EndGlobal
